
Microsoft Visual Studio Solution File, Format Version 12.00
# Visual Studio 15
VisualStudioVersion = 15.0.28307.271
MinimumVisualStudioVersion = 10.0.40219.1
Project("{FAE04EC0-301F-11D3-BF4B-00C04F79EFBC}") = "游戏服务器端", "游戏服务器端\游戏服务器端.csproj", "{EF24FF83-24B6-4938-BD8D-E3C2CE7751E2}"
EndProject
Project("{FAE04EC0-301F-11D3-BF4B-00C04F79EFBC}") = "Common", "Common\Common.csproj", "{D0A003BF-7BB2-41C0-8015-A8DE2BC06356}"
EndProject
Global
	GlobalSection(SolutionConfigurationPlatforms) = preSolution
		Debug|Any CPU = Debug|Any CPU
		Release|Any CPU = Release|Any CPU
	EndGlobalSection
	GlobalSection(ProjectConfigurationPlatforms) = postSolution
		{EF24FF83-24B6-4938-BD8D-E3C2CE7751E2}.Debug|Any CPU.ActiveCfg = Debug|Any CPU
		{EF24FF83-24B6-4938-BD8D-E3C2CE7751E2}.Debug|Any CPU.Build.0 = Debug|Any CPU
		{EF24FF83-24B6-4938-BD8D-E3C2CE7751E2}.Release|Any CPU.ActiveCfg = Release|Any CPU
		{EF24FF83-24B6-4938-BD8D-E3C2CE7751E2}.Release|Any CPU.Build.0 = Release|Any CPU
		{D0A003BF-7BB2-41C0-8015-A8DE2BC06356}.Debug|Any CPU.ActiveCfg = Debug|Any CPU
		{D0A003BF-7BB2-41C0-8015-A8DE2BC06356}.Debug|Any CPU.Build.0 = Debug|Any CPU
		{D0A003BF-7BB2-41C0-8015-A8DE2BC06356}.Release|Any CPU.ActiveCfg = Release|Any CPU
		{D0A003BF-7BB2-41C0-8015-A8DE2BC06356}.Release|Any CPU.Build.0 = Release|Any CPU
	EndGlobalSection
	GlobalSection(SolutionProperties) = preSolution
		HideSolutionNode = FALSE
	EndGlobalSection
	GlobalSection(ExtensibilityGlobals) = postSolution
		SolutionGuid = {A62A2AD2-2EA3-4B5A-BE35-775A307D0C49}
	EndGlobalSection
EndGlobal
